
Microsoft Visual Studio Solution File, Format Version 12.00
# Visual Studio Version 17
VisualStudioVersion = 17.3.32901.215
MinimumVisualStudioVersion = 10.0.40219.1
Project("{FAE04EC0-301F-11D3-BF4B-00C04F79EFBC}") = "QuanLyCuaHangSach", "QuanLyCuaHangSach\QuanLyCuaHangSach.csproj", "{2E47F116-C715-4C68-B172-6D323AD78A03}"
EndProject
Global
	GlobalSection(SolutionConfigurationPlatforms) = preSolution
		Debug|Any CPU = Debug|Any CPU
		Release|Any CPU = Release|Any CPU
	EndGlobalSection
	GlobalSection(ProjectConfigurationPlatforms) = postSolution
		{2E47F116-C715-4C68-B172-6D323AD78A03}.Debug|Any CPU.ActiveCfg = Debug|Any CPU
		{2E47F116-C715-4C68-B172-6D323AD78A03}.Debug|Any CPU.Build.0 = Debug|Any CPU
		{2E47F116-C715-4C68-B172-6D323AD78A03}.Release|Any CPU.ActiveCfg = Release|Any CPU
		{2E47F116-C715-4C68-B172-6D323AD78A03}.Release|Any CPU.Build.0 = Release|Any CPU
	EndGlobalSection
	GlobalSection(SolutionProperties) = preSolution
		HideSolutionNode = FALSE
	EndGlobalSection
	GlobalSection(ExtensibilityGlobals) = postSolution
		SolutionGuid = {94941720-DB11-4D7D-B34D-166F1CACE345}
	EndGlobalSection
EndGlobal
